// !$*UTF8*$!
{
	archiveVersion = 1;
	classes = {
	};
	objectVersion = 50;
	objects = {

/* Begin PBXBuildFile section */
		52F4E79F25988A1E00278BFF /* SwiftUI_hw1App.swift in Sources */ = {isa = PBXBuildFile; fileRef = 52F4E79E25988A1E00278BFF /* SwiftUI_hw1App.swift */; };
		52F4E7A125988A1E00278BFF /* ContentView.swift in Sources */ = {isa = PBXBuildFile; fileRef = 52F4E7A025988A1E00278BFF /* ContentView.swift */; };
		52F4E7A325988A2000278BFF /* Assets.xcassets in Resources */ = {isa = PBXBuildFile; fileRef = 52F4E7A225988A2000278BFF /* Assets.xcassets */; };
		52F4E7A625988A2000278BFF /* Preview Assets.xcassets in Resources */ = {isa = PBXBuildFile; fileRef = 52F4E7A525988A2000278BFF /* Preview Assets.xcassets */; };
		52F4E7B0259894BE00278BFF /* SwiftUI-Calculator.swift in Sources */ = {isa = PBXBuildFile; fileRef = 52F4E7AF259894BE00278BFF /* SwiftUI-Calculator.swift */; };
		52F4E7B32598F50C00278BFF /* SwiftUI-Weather.swift in Sources */ = {isa = PBXBuildFile; fileRef = 52F4E7B22598F50C00278BFF /* SwiftUI-Weather.swift */; };
/* End PBXBuildFile section */

/* Begin PBXFileReference section */
		52F4E79B25988A1E00278BFF /* SwiftUI-hw1.app */ = {isa = PBXFileReference; explicitFileType = wrapper.application; includeInIndex = 0; path = "SwiftUI-hw1.app"; sourceTree = BUILT_PRODUCTS_DIR; };
		52F4E79E25988A1E00278BFF /* SwiftUI_hw1App.swift */ = {isa = PBXFileReference; lastKnownFileType = sourcecode.swift; path = SwiftUI_hw1App.swift; sourceTree = "<group>"; };
		52F4E7A025988A1E00278BFF /* ContentView.swift */ = {isa = PBXFileReference; lastKnownFileType = sourcecode.swift; path = ContentView.swift; sourceTree = "<group>"; };
		52F4E7A225988A2000278BFF /* Assets.xcassets */ = {isa = PBXFileReference; lastKnownFileType = folder.assetcatalog; path = Assets.xcassets; sourceTree = "<group>"; };
		52F4E7A525988A2000278BFF /* Preview Assets.xcassets */ = {isa = PBXFileReference; lastKnownFileType = folder.assetcatalog; path = "Preview Assets.xcassets"; sourceTree = "<group>"; };
		52F4E7A725988A2000278BFF /* Info.plist */ = {isa = PBXFileReference; lastKnownFileType = text.plist.xml; path = Info.plist; sourceTree = "<group>"; };
		52F4E7AF259894BE00278BFF /* SwiftUI-Calculator.swift */ = {isa = PBXFileReference; lastKnownFileType = sourcecode.swift; path = "SwiftUI-Calculator.swift"; sourceTree = "<group>"; };
		52F4E7B22598F50C00278BFF /* SwiftUI-Weather.swift */ = {isa = PBXFileReference; lastKnownFileType = sourcecode.swift; path = "SwiftUI-Weather.swift"; sourceTree = "<group>"; };
/* End PBXFileReference section */

/* Begin PBXFrameworksBuildPhase section */
		52F4E79825988A1E00278BFF /* Frameworks */ = {
			isa = PBXFrameworksBuildPhase;
			buildActionMask = 2147483647;
			files = (
			);
			runOnlyForDeploymentPostprocessing = 0;
		};
/* End PBXFrameworksBuildPhase section */

/* Begin PBXGroup section */
		52F4E79225988A1E00278BFF = {
			isa = PBXGroup;
			children = (
				52F4E79D25988A1E00278BFF /* SwiftUI-hw1 */,
				52F4E79C25988A1E00278BFF /* Products */,
			);
			sourceTree = "<group>";
		};
		52F4E79C25988A1E00278BFF /* Products */ = {
			isa = PBXGroup;
			children = (
				52F4E79B25988A1E00278BFF /* SwiftUI-hw1.app */,
			);
			name = Products;
			sourceTree = "<group>";
		};
		52F4E79D25988A1E00278BFF /* SwiftUI-hw1 */ = {
			isa = PBXGroup;
			children = (
				52F4E79E25988A1E00278BFF /* SwiftUI_hw1App.swift */,
				52F4E7A025988A1E00278BFF /* ContentView.swift */,
				52F4E7AF259894BE00278BFF /* SwiftUI-Calculator.swift */,
				52F4E7B22598F50C00278BFF /* SwiftUI-Weather.swift */,
				52F4E7A225988A2000278BFF /* Assets.xcassets */,
				52F4E7A725988A2000278BFF /* Info.plist */,
				52F4E7A425988A2000278BFF /* Preview Content */,
			);
			path = "SwiftUI-hw1";
			sourceTree = "<group>";
		};
		52F4E7A425988A2000278BFF /* Preview Content */ = {
			isa = PBXGroup;
			children = (
				52F4E7A525988A2000278BFF /* Preview Assets.xcassets */,
			);
			path = "Preview Content";
			sourceTree = "<group>";
		};
/* End PBXGroup section */

/* Begin PBXNativeTarget section */
		52F4E79A25988A1E00278BFF /* SwiftUI-hw1 */ = {
			isa = PBXNativeTarget;
			buildConfigurationList = 52F4E7AA25988A2000278BFF /* Build configuration list for PBXNativeTarget "SwiftUI-hw1" */;
			buildPhases = (
				52F4E79725988A1E00278BFF /* Sources */,
				52F4E79825988A1E00278BFF /* Frameworks */,
				52F4E79925988A1E00278BFF /* Resources */,
			);
			buildRules = (
			);
			dependencies = (
			);
			name = "SwiftUI-hw1";
			productName = "SwiftUI-hw1";
			productReference = 52F4E79B25988A1E00278BFF /* SwiftUI-hw1.app */;
			productType = "com.apple.product-type.application";
		};
/* End PBXNativeTarget section */

/* Begin PBXProject section */
		52F4E79325988A1E00278BFF /* Project object */ = {
			isa = PBXProject;
			attributes = {
				LastSwiftUpdateCheck = 1230;
				LastUpgradeCheck = 1230;
				TargetAttributes = {
					52F4E79A25988A1E00278BFF = {
						CreatedOnToolsVersion = 12.3;
					};
				};
			};
			buildConfigurationList = 52F4E79625988A1E00278BFF /* Build configuration list for PBXProject "SwiftUI-hw1" */;
			compatibilityVersion = "Xcode 9.3";
			developmentRegion = en;
			hasScannedForEncodings = 0;
			knownRegions = (
				en,
				Base,
			);
			mainGroup = 52F4E79225988A1E00278BFF;
			productRefGroup = 52F4E79C25988A1E00278BFF /* Products */;
			projectDirPath = "";
			projectRoot = "";
			targets = (
				52F4E79A25988A1E00278BFF /* SwiftUI-hw1 */,
			);
		};
/* End PBXProject section */

/* Begin PBXResourcesBuildPhase section */
		52F4E79925988A1E00278BFF /* Resources */ = {
			isa = PBXResourcesBuildPhase;
			buildActionMask = 2147483647;
			files = (
				52F4E7A625988A2000278BFF /* Preview Assets.xcassets in Resources */,
				52F4E7A325988A2000278BFF /* Assets.xcassets in Resources */,
			);
			runOnlyForDeploymentPostprocessing = 0;
		};
/* End PBXResourcesBuildPhase section */

/* Begin PBXSourcesBuildPhase section */
		52F4E79725988A1E00278BFF /* Sources */ = {
			isa = PBXSourcesBuildPhase;
			buildActionMask = 2147483647;
			files = (
				52F4E7B32598F50C00278BFF /* SwiftUI-Weather.swift in Sources */,
				52F4E7A125988A1E00278BFF /* ContentView.swift in Sources */,
				52F4E79F25988A1E00278BFF /* SwiftUI_hw1App.swift in Sources */,
				52F4E7B0259894BE00278BFF /* SwiftUI-Calculator.swift in Sources */,
			);
			runOnlyForDeploymentPostprocessing = 0;
		};
/* End PBXSourcesBuildPhase section */

/* Begin XCBuildConfiguration section */
		52F4E7A825988A2000278BFF /* Debug */ = {
			isa = XCBuildConfiguration;
			buildSettings = {
				ALWAYS_SEARCH_USER_PATHS = NO;
				CLANG_ANALYZER_NONNULL = YES;
				CLANG_ANALYZER_NUMBER_OBJECT_CONVERSION = YES_AGGRESSIVE;
				CLANG_CXX_LANGUAGE_STANDARD = "gnu++14";
				CLANG_CXX_LIBRARY = "libc++";
				CLANG_ENABLE_MODULES = YES;
				CLANG_ENABLE_OBJC_ARC = YES;
				CLANG_ENABLE_OBJC_WEAK = YES;
				CLANG_WARN_BLOCK_CAPTURE_AUTORELEASING = YES;
				CLANG_WARN_BOOL_CONVERSION = YES;
				CLANG_WARN_COMMA = YES;
				CLANG_WARN_CONSTANT_CONVERSION = YES;
				CLANG_WARN_DEPRECATED_OBJC_IMPLEMENTATIONS = YES;
				CLANG_WARN_DIRECT_OBJC_ISA_USAGE = YES_ERROR;
				CLANG_WARN_DOCUMENTATION_COMMENTS = YES;
				CLANG_WARN_EMPTY_BODY = YES;
				CLANG_WARN_ENUM_CONVERSION = YES;
				CLANG_WARN_INFINITE_RECURSION = YES;
				CLANG_WARN_INT_CONVERSION = YES;
				CLANG_WARN_NON_LITERAL_NULL_CONVERSION = YES;
				CLANG_WARN_OBJC_IMPLICIT_RETAIN_SELF = YES;
				CLANG_WARN_OBJC_LITERAL_CONVERSION = YES;
				CLANG_WARN_OBJC_ROOT_CLASS = YES_ERROR;
				CLANG_WARN_QUOTED_INCLUDE_IN_FRAMEWORK_HEADER = YES;
				CLANG_WARN_RANGE_LOOP_ANALYSIS = YES;
				CLANG_WARN_STRICT_PROTOTYPES = YES;
				CLANG_WARN_SUSPICIOUS_MOVE = YES;
				CLANG_WARN_UNGUARDED_AVAILABILITY = YES_AGGRESSIVE;
				CLANG_WARN_UNREACHABLE_CODE = YES;
				CLANG_WARN__DUPLICATE_METHOD_MATCH = YES;
				COPY_PHASE_STRIP = NO;
				DEBUG_INFORMATION_FORMAT = dwarf;
				ENABLE_STRICT_OBJC_MSGSEND = YES;
				ENABLE_TESTABILITY = YES;
				GCC_C_LANGUAGE_STANDARD = gnu11;
				GCC_DYNAMIC_NO_PIC = NO;
				GCC_NO_COMMON_BLOCKS = YES;
				GCC_OPTIMIZATION_LEVEL = 0;
				GCC_PREPROCESSOR_DEFINITIONS = (
					"DEBUG=1",
					"$(inherited)",
				);
				GCC_WARN_64_TO_32_BIT_CONVERSION = YES;
				GCC_WARN_ABOUT_RETURN_TYPE = YES_ERROR;
				GCC_WARN_UNDECLARED_SELECTOR = YES;
				GCC_WARN_UNINITIALIZED_AUTOS = YES_AGGRESSIVE;
				GCC_WARN_UNUSED_FUNCTION = YES;
				GCC_WARN_UNUSED_VARIABLE = YES;
				IPHONEOS_DEPLOYMENT_TARGET = 14.3;
				MTL_ENABLE_DEBUG_INFO = INCLUDE_SOURCE;
				MTL_FAST_MATH = YES;
				ONLY_ACTIVE_ARCH = YES;
				SDKROOT = iphoneos;
				SWIFT_ACTIVE_COMPILATION_CONDITIONS = DEBUG;
				SWIFT_OPTIMIZATION_LEVEL = "-Onone";
			};
			name = Debug;
		};
		52F4E7A925988A2000278BFF /* Release */ = {
			isa = XCBuildConfiguration;
			buildSettings = {
				ALWAYS_SEARCH_USER_PATHS = NO;
				CLANG_ANALYZER_NONNULL = YES;
				CLANG_ANALYZER_NUMBER_OBJECT_CONVERSION = YES_AGGRESSIVE;
				CLANG_CXX_LANGUAGE_STANDARD = "gnu++14";
				CLANG_CXX_LIBRARY = "libc++";
				CLANG_ENABLE_MODULES = YES;
				CLANG_ENABLE_OBJC_ARC = YES;
				CLANG_ENABLE_OBJC_WEAK = YES;
				CLANG_WARN_BLOCK_CAPTURE_AUTORELEASING = YES;
				CLANG_WARN_BOOL_CONVERSION = YES;
				CLANG_WARN_COMMA = YES;
				CLANG_WARN_CONSTANT_CONVERSION = YES;
				CLANG_WARN_DEPRECATED_OBJC_IMPLEMENTATIONS = YES;
				CLANG_WARN_DIRECT_OBJC_ISA_USAGE = YES_ERROR;
				CLANG_WARN_DOCUMENTATION_COMMENTS = YES;
				CLANG_WARN_EMPTY_BODY = YES;
				CLANG_WARN_ENUM_CONVERSION = YES;
				CLANG_WARN_INFINITE_RECURSION = YES;
				CLANG_WARN_INT_CONVERSION = YES;
				CLANG_WARN_NON_LITERAL_NULL_CONVERSION = YES;
				CLANG_WARN_OBJC_IMPLICIT_RETAIN_SELF = YES;
				CLANG_WARN_OBJC_LITERAL_CONVERSION = YES;
				CLANG_WARN_OBJC_ROOT_CLASS = YES_ERROR;
				CLANG_WARN_QUOTED_INCLUDE_IN_FRAMEWORK_HEADER = YES;
				CLANG_WARN_RANGE_LOOP_ANALYSIS = YES;
				CLANG_WARN_STRICT_PROTOTYPES = YES;
				CLANG_WARN_SUSPICIOUS_MOVE = YES;
				CLANG_WARN_UNGUARDED_AVAILABILITY = YES_AGGRESSIVE;
				CLANG_WARN_UNREACHABLE_CODE = YES;
				CLANG_WARN__DUPLICATE_METHOD_MATCH = YES;
				COPY_PHASE_STRIP = NO;
				DEBUG_INFORMATION_FORMAT = "dwarf-with-dsym";
				ENABLE_NS_ASSERTIONS = NO;
				ENABLE_STRICT_OBJC_MSGSEND = YES;
				GCC_C_LANGUAGE_STANDARD = gnu11;
				GCC_NO_COMMON_BLOCKS = YES;
				GCC_WARN_64_TO_32_BIT_CONVERSION = YES;
				GCC_WARN_ABOUT_RETURN_TYPE = YES_ERROR;
				GCC_WARN_UNDECLARED_SELECTOR = YES;
				GCC_WARN_UNINITIALIZED_AUTOS = YES_AGGRESSIVE;
				GCC_WARN_UNUSED_FUNCTION = YES;
				GCC_WARN_UNUSED_VARIABLE = YES;
				IPHONEOS_DEPLOYMENT_TARGET = 14.3;
				MTL_ENABLE_DEBUG_INFO = NO;
				MTL_FAST_MATH = YES;
				SDKROOT = iphoneos;
				SWIFT_COMPILATION_MODE = wholemodule;
				SWIFT_OPTIMIZATION_LEVEL = "-O";
				VALIDATE_PRODUCT = YES;
			};
			name = Release;
		};
		52F4E7AB25988A2000278BFF /* Debug */ = {
			isa = XCBuildConfiguration;
			buildSettings = {
				ASSETCATALOG_COMPILER_APPICON_NAME = AppIcon;
				ASSETCATALOG_COMPILER_GLOBAL_ACCENT_COLOR_NAME = AccentColor;
				CODE_SIGN_STYLE = Automatic;
				DEVELOPMENT_ASSET_PATHS = "\"SwiftUI-hw1/Preview Content\"";
				ENABLE_PREVIEWS = YES;
				INFOPLIST_FILE = "SwiftUI-hw1/Info.plist";
				IPHONEOS_DEPLOYMENT_TARGET = 14.0;
				LD_RUNPATH_SEARCH_PATHS = (
					"$(inherited)",
					"@executable_path/Frameworks",
				);
				PRODUCT_BUNDLE_IDENTIFIER = "com.Nasser.SwiftUI-hw1";
				PRODUCT_NAME = "$(TARGET_NAME)";
				SWIFT_VERSION = 5.0;
				TARGETED_DEVICE_FAMILY = "1,2";
			};
			name = Debug;
		};
		52F4E7AC25988A2000278BFF /* Release */ = {
			isa = XCBuildConfiguration;
			buildSettings = {
				ASSETCATALOG_COMPILER_APPICON_NAME = AppIcon;
				ASSETCATALOG_COMPILER_GLOBAL_ACCENT_COLOR_NAME = AccentColor;
				CODE_SIGN_STYLE = Automatic;
				DEVELOPMENT_ASSET_PATHS = "\"SwiftUI-hw1/Preview Content\"";
				ENABLE_PREVIEWS = YES;
				INFOPLIST_FILE = "SwiftUI-hw1/Info.plist";
				IPHONEOS_DEPLOYMENT_TARGET = 14.0;
				LD_RUNPATH_SEARCH_PATHS = (
					"$(inherited)",
					"@executable_path/Frameworks",
				);
				PRODUCT_BUNDLE_IDENTIFIER = "com.Nasser.SwiftUI-hw1";
				PRODUCT_NAME = "$(TARGET_NAME)";
				SWIFT_VERSION = 5.0;
				TARGETED_DEVICE_FAMILY = "1,2";
			};
			name = Release;
		};
/* End XCBuildConfiguration section */

/* Begin XCConfigurationList section */
		52F4E79625988A1E00278BFF /* Build configuration list for PBXProject "SwiftUI-hw1" */ = {
			isa = XCConfigurationList;
			buildConfigurations = (
				52F4E7A825988A2000278BFF /* Debug */,
				52F4E7A925988A2000278BFF /* Release */,
			);
			defaultConfigurationIsVisible = 0;
			defaultConfigurationName = Release;
		};
		52F4E7AA25988A2000278BFF /* Build configuration list for PBXNativeTarget "SwiftUI-hw1" */ = {
			isa = XCConfigurationList;
			buildConfigurations = (
				52F4E7AB25988A2000278BFF /* Debug */,
				52F4E7AC25988A2000278BFF /* Release */,
			);
			defaultConfigurationIsVisible = 0;
			defaultConfigurationName = Release;
		};
/* End XCConfigurationList section */
	};
	rootObject = 52F4E79325988A1E00278BFF /* Project object */;
}
